{
  "name": "app",
  "version": "1.0.0",
  "lockfileVersion": 1,
  "requires": true,
  "dependencies": {
    "@types/google-protobuf": {
      "version": "3.2.7",
      "resolved": "https://registry.npmjs.org/@types/google-protobuf/-/google-protobuf-3.2.7.tgz",
      "integrity": "sha512-Pb9wl5qDEwfnJeeu6Zpn5Y+waLrKETStqLZXHMGCTbkNuBBudPy4qOGN6veamyeoUBwTm2knOVeP/FlHHhhmzA=="
    },
    "google-protobuf": {
      "version": "3.7.1",
      "resolved": "https://registry.npmjs.org/google-protobuf/-/google-protobuf-3.7.1.tgz",
      "integrity": "sha512-6fvlUey6cNKtWSEn1bt4CT4wc2EID1fVluHS1dOnqIlxyIu3cBid2BvWE8Rwl6wN+hRTgiAKhfyydAGV/weZYQ==",
      "dev": true
    },
    "ts-protoc-gen": {
      "version": "0.8.0",
      "resolved": "https://registry.npmjs.org/ts-protoc-gen/-/ts-protoc-gen-0.8.0.tgz",
      "integrity": "sha512-LUFM4Jy3qMSVyRf5ql973cJjltS98MiCz8kPf1Rc9AC9BeLu0WJfoHLf0Tvx2cGH0jSK9BpA0o1tHQQfjeO47Q==",
      "dev": true,
      "requires": {
        "google-protobuf": "^3.6.1"
      }
    }
  }
}
